
Microsoft Visual Studio Solution File, Format Version 12.00
# Visual Studio 14
VisualStudioVersion = 14.0.25420.1
MinimumVisualStudioVersion = 10.0.40219.1
Project("{FAE04EC0-301F-11D3-BF4B-00C04F79EFBC}") = "Plugin.Xablu.Adal", "Xablu.Adal\Plugin.Xablu.Adal\Plugin.Xablu.Adal.csproj", "{A6FCEF44-D2BA-42C7-B3CB-13667BCD7B54}"
EndProject
Project("{FAE04EC0-301F-11D3-BF4B-00C04F79EFBC}") = "Plugin.Xablu.Adal.Abstractions", "Xablu.Adal\Plugin.Xablu.Adal.Abstractions\Plugin.Xablu.Adal.Abstractions.csproj", "{6EDB0588-FFC5-4EF5-8A99-9E241D0F878D}"
EndProject
Project("{FAE04EC0-301F-11D3-BF4B-00C04F79EFBC}") = "Plugin.Xablu.Adal.Android", "Xablu.Adal\Plugin.Xablu.Adal.Android\Plugin.Xablu.Adal.Android.csproj", "{56A56F17-7DE1-4CA1-9617-BF32E971AC84}"
EndProject
Project("{FAE04EC0-301F-11D3-BF4B-00C04F79EFBC}") = "Plugin.Xablu.Adal.iOS", "Xablu.Adal\Plugin.Xablu.Adal.iOS\Plugin.Xablu.Adal.iOS.csproj", "{2882AEEB-D4CD-4EB9-8A6C-6653B33681F0}"
EndProject
Project("{FAE04EC0-301F-11D3-BF4B-00C04F79EFBC}") = "Sample", "Sample\Sample.csproj", "{2436B5F3-97F8-4155-9046-39421C87F43F}"
EndProject
Project("{FAE04EC0-301F-11D3-BF4B-00C04F79EFBC}") = "Sample.Droid", "Droid\Sample.Droid.csproj", "{93FB0139-CA69-495D-B808-2BBD4F8379E2}"
EndProject
Project("{FAE04EC0-301F-11D3-BF4B-00C04F79EFBC}") = "Sample.iOS", "iOS\Sample.iOS.csproj", "{04535F93-DEAA-42C7-B70E-813A549F739B}"
EndProject
Global
	GlobalSection(SolutionConfigurationPlatforms) = preSolution
		Debug|Any CPU = Debug|Any CPU
		Debug|ARM = Debug|ARM
		Debug|x64 = Debug|x64
		Debug|x86 = Debug|x86
		Release|Any CPU = Release|Any CPU
		Release|ARM = Release|ARM
		Release|x64 = Release|x64
		Release|x86 = Release|x86
		Debug|iPhoneSimulator = Debug|iPhoneSimulator
		Release|iPhone = Release|iPhone
		Release|iPhoneSimulator = Release|iPhoneSimulator
		Debug|iPhone = Debug|iPhone
	EndGlobalSection
	GlobalSection(ProjectConfigurationPlatforms) = postSolution
		{A6FCEF44-D2BA-42C7-B3CB-13667BCD7B54}.Debug|Any CPU.ActiveCfg = Debug|Any CPU
		{A6FCEF44-D2BA-42C7-B3CB-13667BCD7B54}.Debug|Any CPU.Build.0 = Debug|Any CPU
		{A6FCEF44-D2BA-42C7-B3CB-13667BCD7B54}.Debug|ARM.ActiveCfg = Debug|Any CPU
		{A6FCEF44-D2BA-42C7-B3CB-13667BCD7B54}.Debug|ARM.Build.0 = Debug|Any CPU
		{A6FCEF44-D2BA-42C7-B3CB-13667BCD7B54}.Debug|x64.ActiveCfg = Debug|Any CPU
		{A6FCEF44-D2BA-42C7-B3CB-13667BCD7B54}.Debug|x64.Build.0 = Debug|Any CPU
		{A6FCEF44-D2BA-42C7-B3CB-13667BCD7B54}.Debug|x86.ActiveCfg = Debug|Any CPU
		{A6FCEF44-D2BA-42C7-B3CB-13667BCD7B54}.Debug|x86.Build.0 = Debug|Any CPU
		{A6FCEF44-D2BA-42C7-B3CB-13667BCD7B54}.Release|Any CPU.ActiveCfg = Release|Any CPU
		{A6FCEF44-D2BA-42C7-B3CB-13667BCD7B54}.Release|Any CPU.Build.0 = Release|Any CPU
		{A6FCEF44-D2BA-42C7-B3CB-13667BCD7B54}.Release|ARM.ActiveCfg = Release|Any CPU
		{A6FCEF44-D2BA-42C7-B3CB-13667BCD7B54}.Release|ARM.Build.0 = Release|Any CPU
		{A6FCEF44-D2BA-42C7-B3CB-13667BCD7B54}.Release|x64.ActiveCfg = Release|Any CPU
		{A6FCEF44-D2BA-42C7-B3CB-13667BCD7B54}.Release|x64.Build.0 = Release|Any CPU
		{A6FCEF44-D2BA-42C7-B3CB-13667BCD7B54}.Release|x86.ActiveCfg = Release|Any CPU
		{A6FCEF44-D2BA-42C7-B3CB-13667BCD7B54}.Release|x86.Build.0 = Release|Any CPU
		{A6FCEF44-D2BA-42C7-B3CB-13667BCD7B54}.Debug|iPhoneSimulator.ActiveCfg = Debug|Any CPU
		{A6FCEF44-D2BA-42C7-B3CB-13667BCD7B54}.Debug|iPhoneSimulator.Build.0 = Debug|Any CPU
		{A6FCEF44-D2BA-42C7-B3CB-13667BCD7B54}.Release|iPhone.ActiveCfg = Release|Any CPU
		{A6FCEF44-D2BA-42C7-B3CB-13667BCD7B54}.Release|iPhone.Build.0 = Release|Any CPU
		{A6FCEF44-D2BA-42C7-B3CB-13667BCD7B54}.Release|iPhoneSimulator.ActiveCfg = Release|Any CPU
		{A6FCEF44-D2BA-42C7-B3CB-13667BCD7B54}.Release|iPhoneSimulator.Build.0 = Release|Any CPU
		{A6FCEF44-D2BA-42C7-B3CB-13667BCD7B54}.Debug|iPhone.ActiveCfg = Debug|Any CPU
		{A6FCEF44-D2BA-42C7-B3CB-13667BCD7B54}.Debug|iPhone.Build.0 = Debug|Any CPU
		{6EDB0588-FFC5-4EF5-8A99-9E241D0F878D}.Debug|Any CPU.ActiveCfg = Debug|Any CPU
		{6EDB0588-FFC5-4EF5-8A99-9E241D0F878D}.Debug|Any CPU.Build.0 = Debug|Any CPU
		{6EDB0588-FFC5-4EF5-8A99-9E241D0F878D}.Debug|ARM.ActiveCfg = Debug|Any CPU
		{6EDB0588-FFC5-4EF5-8A99-9E241D0F878D}.Debug|ARM.Build.0 = Debug|Any CPU
		{6EDB0588-FFC5-4EF5-8A99-9E241D0F878D}.Debug|x64.ActiveCfg = Debug|Any CPU
		{6EDB0588-FFC5-4EF5-8A99-9E241D0F878D}.Debug|x64.Build.0 = Debug|Any CPU
		{6EDB0588-FFC5-4EF5-8A99-9E241D0F878D}.Debug|x86.ActiveCfg = Debug|Any CPU
		{6EDB0588-FFC5-4EF5-8A99-9E241D0F878D}.Debug|x86.Build.0 = Debug|Any CPU
		{6EDB0588-FFC5-4EF5-8A99-9E241D0F878D}.Release|Any CPU.ActiveCfg = Release|Any CPU
		{6EDB0588-FFC5-4EF5-8A99-9E241D0F878D}.Release|Any CPU.Build.0 = Release|Any CPU
		{6EDB0588-FFC5-4EF5-8A99-9E241D0F878D}.Release|ARM.ActiveCfg = Release|Any CPU
		{6EDB0588-FFC5-4EF5-8A99-9E241D0F878D}.Release|ARM.Build.0 = Release|Any CPU
		{6EDB0588-FFC5-4EF5-8A99-9E241D0F878D}.Release|x64.ActiveCfg = Release|Any CPU
		{6EDB0588-FFC5-4EF5-8A99-9E241D0F878D}.Release|x64.Build.0 = Release|Any CPU
		{6EDB0588-FFC5-4EF5-8A99-9E241D0F878D}.Release|x86.ActiveCfg = Release|Any CPU
		{6EDB0588-FFC5-4EF5-8A99-9E241D0F878D}.Release|x86.Build.0 = Release|Any CPU
		{6EDB0588-FFC5-4EF5-8A99-9E241D0F878D}.Debug|iPhoneSimulator.ActiveCfg = Debug|Any CPU
		{6EDB0588-FFC5-4EF5-8A99-9E241D0F878D}.Debug|iPhoneSimulator.Build.0 = Debug|Any CPU
		{6EDB0588-FFC5-4EF5-8A99-9E241D0F878D}.Release|iPhone.ActiveCfg = Release|Any CPU
		{6EDB0588-FFC5-4EF5-8A99-9E241D0F878D}.Release|iPhone.Build.0 = Release|Any CPU
		{6EDB0588-FFC5-4EF5-8A99-9E241D0F878D}.Release|iPhoneSimulator.ActiveCfg = Release|Any CPU
		{6EDB0588-FFC5-4EF5-8A99-9E241D0F878D}.Release|iPhoneSimulator.Build.0 = Release|Any CPU
		{6EDB0588-FFC5-4EF5-8A99-9E241D0F878D}.Debug|iPhone.ActiveCfg = Debug|Any CPU
		{6EDB0588-FFC5-4EF5-8A99-9E241D0F878D}.Debug|iPhone.Build.0 = Debug|Any CPU
		{56A56F17-7DE1-4CA1-9617-BF32E971AC84}.Debug|Any CPU.ActiveCfg = Debug|Any CPU
		{56A56F17-7DE1-4CA1-9617-BF32E971AC84}.Debug|Any CPU.Build.0 = Debug|Any CPU
		{56A56F17-7DE1-4CA1-9617-BF32E971AC84}.Debug|ARM.ActiveCfg = Debug|Any CPU
		{56A56F17-7DE1-4CA1-9617-BF32E971AC84}.Debug|ARM.Build.0 = Debug|Any CPU
		{56A56F17-7DE1-4CA1-9617-BF32E971AC84}.Debug|x64.ActiveCfg = Debug|Any CPU
		{56A56F17-7DE1-4CA1-9617-BF32E971AC84}.Debug|x64.Build.0 = Debug|Any CPU
		{56A56F17-7DE1-4CA1-9617-BF32E971AC84}.Debug|x86.ActiveCfg = Debug|Any CPU
		{56A56F17-7DE1-4CA1-9617-BF32E971AC84}.Debug|x86.Build.0 = Debug|Any CPU
		{56A56F17-7DE1-4CA1-9617-BF32E971AC84}.Release|Any CPU.ActiveCfg = Release|Any CPU
		{56A56F17-7DE1-4CA1-9617-BF32E971AC84}.Release|Any CPU.Build.0 = Release|Any CPU
		{56A56F17-7DE1-4CA1-9617-BF32E971AC84}.Release|ARM.ActiveCfg = Release|Any CPU
		{56A56F17-7DE1-4CA1-9617-BF32E971AC84}.Release|ARM.Build.0 = Release|Any CPU
		{56A56F17-7DE1-4CA1-9617-BF32E971AC84}.Release|x64.ActiveCfg = Release|Any CPU
		{56A56F17-7DE1-4CA1-9617-BF32E971AC84}.Release|x64.Build.0 = Release|Any CPU
		{56A56F17-7DE1-4CA1-9617-BF32E971AC84}.Release|x86.ActiveCfg = Release|Any CPU
		{56A56F17-7DE1-4CA1-9617-BF32E971AC84}.Release|x86.Build.0 = Release|Any CPU
		{56A56F17-7DE1-4CA1-9617-BF32E971AC84}.Debug|iPhoneSimulator.ActiveCfg = Debug|Any CPU
		{56A56F17-7DE1-4CA1-9617-BF32E971AC84}.Debug|iPhoneSimulator.Build.0 = Debug|Any CPU
		{56A56F17-7DE1-4CA1-9617-BF32E971AC84}.Release|iPhone.ActiveCfg = Release|Any CPU
		{56A56F17-7DE1-4CA1-9617-BF32E971AC84}.Release|iPhone.Build.0 = Release|Any CPU
		{56A56F17-7DE1-4CA1-9617-BF32E971AC84}.Release|iPhoneSimulator.ActiveCfg = Release|Any CPU
		{56A56F17-7DE1-4CA1-9617-BF32E971AC84}.Release|iPhoneSimulator.Build.0 = Release|Any CPU
		{56A56F17-7DE1-4CA1-9617-BF32E971AC84}.Debug|iPhone.ActiveCfg = Debug|Any CPU
		{56A56F17-7DE1-4CA1-9617-BF32E971AC84}.Debug|iPhone.Build.0 = Debug|Any CPU
		{2882AEEB-D4CD-4EB9-8A6C-6653B33681F0}.Debug|Any CPU.ActiveCfg = Debug|Any CPU
		{2882AEEB-D4CD-4EB9-8A6C-6653B33681F0}.Debug|Any CPU.Build.0 = Debug|Any CPU
		{2882AEEB-D4CD-4EB9-8A6C-6653B33681F0}.Debug|ARM.ActiveCfg = Debug|Any CPU
		{2882AEEB-D4CD-4EB9-8A6C-6653B33681F0}.Debug|ARM.Build.0 = Debug|Any CPU
		{2882AEEB-D4CD-4EB9-8A6C-6653B33681F0}.Debug|x64.ActiveCfg = Debug|Any CPU
		{2882AEEB-D4CD-4EB9-8A6C-6653B33681F0}.Debug|x64.Build.0 = Debug|Any CPU
		{2882AEEB-D4CD-4EB9-8A6C-6653B33681F0}.Debug|x86.ActiveCfg = Debug|Any CPU
		{2882AEEB-D4CD-4EB9-8A6C-6653B33681F0}.Debug|x86.Build.0 = Debug|Any CPU
		{2882AEEB-D4CD-4EB9-8A6C-6653B33681F0}.Release|Any CPU.ActiveCfg = Release|Any CPU
		{2882AEEB-D4CD-4EB9-8A6C-6653B33681F0}.Release|Any CPU.Build.0 = Release|Any CPU
		{2882AEEB-D4CD-4EB9-8A6C-6653B33681F0}.Release|ARM.ActiveCfg = Release|Any CPU
		{2882AEEB-D4CD-4EB9-8A6C-6653B33681F0}.Release|ARM.Build.0 = Release|Any CPU
		{2882AEEB-D4CD-4EB9-8A6C-6653B33681F0}.Release|x64.ActiveCfg = Release|Any CPU
		{2882AEEB-D4CD-4EB9-8A6C-6653B33681F0}.Release|x64.Build.0 = Release|Any CPU
		{2882AEEB-D4CD-4EB9-8A6C-6653B33681F0}.Release|x86.ActiveCfg = Release|Any CPU
		{2882AEEB-D4CD-4EB9-8A6C-6653B33681F0}.Release|x86.Build.0 = Release|Any CPU
		{2882AEEB-D4CD-4EB9-8A6C-6653B33681F0}.Debug|iPhoneSimulator.ActiveCfg = Debug|Any CPU
		{2882AEEB-D4CD-4EB9-8A6C-6653B33681F0}.Debug|iPhoneSimulator.Build.0 = Debug|Any CPU
		{2882AEEB-D4CD-4EB9-8A6C-6653B33681F0}.Release|iPhone.ActiveCfg = Release|Any CPU
		{2882AEEB-D4CD-4EB9-8A6C-6653B33681F0}.Release|iPhone.Build.0 = Release|Any CPU
		{2882AEEB-D4CD-4EB9-8A6C-6653B33681F0}.Release|iPhoneSimulator.ActiveCfg = Release|Any CPU
		{2882AEEB-D4CD-4EB9-8A6C-6653B33681F0}.Release|iPhoneSimulator.Build.0 = Release|Any CPU
		{2882AEEB-D4CD-4EB9-8A6C-6653B33681F0}.Debug|iPhone.ActiveCfg = Debug|Any CPU
		{2882AEEB-D4CD-4EB9-8A6C-6653B33681F0}.Debug|iPhone.Build.0 = Debug|Any CPU
		{2436B5F3-97F8-4155-9046-39421C87F43F}.Debug|Any CPU.ActiveCfg = Debug|Any CPU
		{2436B5F3-97F8-4155-9046-39421C87F43F}.Debug|Any CPU.Build.0 = Debug|Any CPU
		{2436B5F3-97F8-4155-9046-39421C87F43F}.Debug|ARM.ActiveCfg = Debug|Any CPU
		{2436B5F3-97F8-4155-9046-39421C87F43F}.Debug|ARM.Build.0 = Debug|Any CPU
		{2436B5F3-97F8-4155-9046-39421C87F43F}.Debug|x64.ActiveCfg = Debug|Any CPU
		{2436B5F3-97F8-4155-9046-39421C87F43F}.Debug|x64.Build.0 = Debug|Any CPU
		{2436B5F3-97F8-4155-9046-39421C87F43F}.Debug|x86.ActiveCfg = Debug|Any CPU
		{2436B5F3-97F8-4155-9046-39421C87F43F}.Debug|x86.Build.0 = Debug|Any CPU
		{2436B5F3-97F8-4155-9046-39421C87F43F}.Release|Any CPU.ActiveCfg = Release|Any CPU
		{2436B5F3-97F8-4155-9046-39421C87F43F}.Release|Any CPU.Build.0 = Release|Any CPU
		{2436B5F3-97F8-4155-9046-39421C87F43F}.Release|ARM.ActiveCfg = Release|Any CPU
		{2436B5F3-97F8-4155-9046-39421C87F43F}.Release|ARM.Build.0 = Release|Any CPU
		{2436B5F3-97F8-4155-9046-39421C87F43F}.Release|x64.ActiveCfg = Release|Any CPU
		{2436B5F3-97F8-4155-9046-39421C87F43F}.Release|x64.Build.0 = Release|Any CPU
		{2436B5F3-97F8-4155-9046-39421C87F43F}.Release|x86.ActiveCfg = Release|Any CPU
		{2436B5F3-97F8-4155-9046-39421C87F43F}.Release|x86.Build.0 = Release|Any CPU
		{2436B5F3-97F8-4155-9046-39421C87F43F}.Debug|iPhoneSimulator.ActiveCfg = Debug|Any CPU
		{2436B5F3-97F8-4155-9046-39421C87F43F}.Debug|iPhoneSimulator.Build.0 = Debug|Any CPU
		{2436B5F3-97F8-4155-9046-39421C87F43F}.Release|iPhone.ActiveCfg = Release|Any CPU
		{2436B5F3-97F8-4155-9046-39421C87F43F}.Release|iPhone.Build.0 = Release|Any CPU
		{2436B5F3-97F8-4155-9046-39421C87F43F}.Release|iPhoneSimulator.ActiveCfg = Release|Any CPU
		{2436B5F3-97F8-4155-9046-39421C87F43F}.Release|iPhoneSimulator.Build.0 = Release|Any CPU
		{2436B5F3-97F8-4155-9046-39421C87F43F}.Debug|iPhone.ActiveCfg = Debug|Any CPU
		{2436B5F3-97F8-4155-9046-39421C87F43F}.Debug|iPhone.Build.0 = Debug|Any CPU
		{93FB0139-CA69-495D-B808-2BBD4F8379E2}.Debug|Any CPU.ActiveCfg = Debug|Any CPU
		{93FB0139-CA69-495D-B808-2BBD4F8379E2}.Debug|Any CPU.Build.0 = Debug|Any CPU
		{93FB0139-CA69-495D-B808-2BBD4F8379E2}.Debug|ARM.ActiveCfg = Debug|Any CPU
		{93FB0139-CA69-495D-B808-2BBD4F8379E2}.Debug|ARM.Build.0 = Debug|Any CPU
		{93FB0139-CA69-495D-B808-2BBD4F8379E2}.Debug|x64.ActiveCfg = Debug|Any CPU
		{93FB0139-CA69-495D-B808-2BBD4F8379E2}.Debug|x64.Build.0 = Debug|Any CPU
		{93FB0139-CA69-495D-B808-2BBD4F8379E2}.Debug|x86.ActiveCfg = Debug|Any CPU
		{93FB0139-CA69-495D-B808-2BBD4F8379E2}.Debug|x86.Build.0 = Debug|Any CPU
		{93FB0139-CA69-495D-B808-2BBD4F8379E2}.Release|Any CPU.ActiveCfg = Release|Any CPU
		{93FB0139-CA69-495D-B808-2BBD4F8379E2}.Release|Any CPU.Build.0 = Release|Any CPU
		{93FB0139-CA69-495D-B808-2BBD4F8379E2}.Release|ARM.ActiveCfg = Release|Any CPU
		{93FB0139-CA69-495D-B808-2BBD4F8379E2}.Release|ARM.Build.0 = Release|Any CPU
		{93FB0139-CA69-495D-B808-2BBD4F8379E2}.Release|x64.ActiveCfg = Release|Any CPU
		{93FB0139-CA69-495D-B808-2BBD4F8379E2}.Release|x64.Build.0 = Release|Any CPU
		{93FB0139-CA69-495D-B808-2BBD4F8379E2}.Release|x86.ActiveCfg = Release|Any CPU
		{93FB0139-CA69-495D-B808-2BBD4F8379E2}.Release|x86.Build.0 = Release|Any CPU
		{93FB0139-CA69-495D-B808-2BBD4F8379E2}.Debug|iPhoneSimulator.ActiveCfg = Debug|Any CPU
		{93FB0139-CA69-495D-B808-2BBD4F8379E2}.Debug|iPhoneSimulator.Build.0 = Debug|Any CPU
		{93FB0139-CA69-495D-B808-2BBD4F8379E2}.Release|iPhone.ActiveCfg = Release|Any CPU
		{93FB0139-CA69-495D-B808-2BBD4F8379E2}.Release|iPhone.Build.0 = Release|Any CPU
		{93FB0139-CA69-495D-B808-2BBD4F8379E2}.Release|iPhoneSimulator.ActiveCfg = Release|Any CPU
		{93FB0139-CA69-495D-B808-2BBD4F8379E2}.Release|iPhoneSimulator.Build.0 = Release|Any CPU
		{93FB0139-CA69-495D-B808-2BBD4F8379E2}.Debug|iPhone.ActiveCfg = Debug|Any CPU
		{93FB0139-CA69-495D-B808-2BBD4F8379E2}.Debug|iPhone.Build.0 = Debug|Any CPU
		{04535F93-DEAA-42C7-B70E-813A549F739B}.Debug|Any CPU.ActiveCfg = Debug|iPhoneSimulator
		{04535F93-DEAA-42C7-B70E-813A549F739B}.Debug|Any CPU.Build.0 = Debug|iPhoneSimulator
		{04535F93-DEAA-42C7-B70E-813A549F739B}.Debug|ARM.ActiveCfg = Debug|iPhoneSimulator
		{04535F93-DEAA-42C7-B70E-813A549F739B}.Debug|ARM.Build.0 = Debug|iPhoneSimulator
		{04535F93-DEAA-42C7-B70E-813A549F739B}.Debug|x64.ActiveCfg = Debug|iPhoneSimulator
		{04535F93-DEAA-42C7-B70E-813A549F739B}.Debug|x64.Build.0 = Debug|iPhoneSimulator
		{04535F93-DEAA-42C7-B70E-813A549F739B}.Debug|x86.ActiveCfg = Debug|iPhoneSimulator
		{04535F93-DEAA-42C7-B70E-813A549F739B}.Debug|x86.Build.0 = Debug|iPhoneSimulator
		{04535F93-DEAA-42C7-B70E-813A549F739B}.Release|Any CPU.ActiveCfg = Release|iPhone
		{04535F93-DEAA-42C7-B70E-813A549F739B}.Release|Any CPU.Build.0 = Release|iPhone
		{04535F93-DEAA-42C7-B70E-813A549F739B}.Release|ARM.ActiveCfg = Release|iPhone
		{04535F93-DEAA-42C7-B70E-813A549F739B}.Release|ARM.Build.0 = Release|iPhone
		{04535F93-DEAA-42C7-B70E-813A549F739B}.Release|x64.ActiveCfg = Release|iPhone
		{04535F93-DEAA-42C7-B70E-813A549F739B}.Release|x64.Build.0 = Release|iPhone
		{04535F93-DEAA-42C7-B70E-813A549F739B}.Release|x86.ActiveCfg = Release|iPhone
		{04535F93-DEAA-42C7-B70E-813A549F739B}.Release|x86.Build.0 = Release|iPhone
		{04535F93-DEAA-42C7-B70E-813A549F739B}.Debug|iPhoneSimulator.ActiveCfg = Debug|iPhoneSimulator
		{04535F93-DEAA-42C7-B70E-813A549F739B}.Debug|iPhoneSimulator.Build.0 = Debug|iPhoneSimulator
		{04535F93-DEAA-42C7-B70E-813A549F739B}.Release|iPhone.ActiveCfg = Release|iPhone
		{04535F93-DEAA-42C7-B70E-813A549F739B}.Release|iPhone.Build.0 = Release|iPhone
		{04535F93-DEAA-42C7-B70E-813A549F739B}.Release|iPhoneSimulator.ActiveCfg = Release|iPhoneSimulator
		{04535F93-DEAA-42C7-B70E-813A549F739B}.Release|iPhoneSimulator.Build.0 = Release|iPhoneSimulator
		{04535F93-DEAA-42C7-B70E-813A549F739B}.Debug|iPhone.ActiveCfg = Debug|iPhone
		{04535F93-DEAA-42C7-B70E-813A549F739B}.Debug|iPhone.Build.0 = Debug|iPhone
	EndGlobalSection
	GlobalSection(SolutionProperties) = preSolution
		HideSolutionNode = FALSE
	EndGlobalSection
EndGlobal
