
Microsoft Visual Studio Solution File, Format Version 12.00
# Visual Studio 15
VisualStudioVersion = 15.0.26730.15
MinimumVisualStudioVersion = 10.0.40219.1
Project("{FAE04EC0-301F-11D3-BF4B-00C04F79EFBC}") = "Plugin.Xablu.Adal", "Xablu.Adal\Plugin.Xablu.Adal.csproj", "{AE9E5F6B-37D4-461C-8D4A-63D68248D750}"
EndProject
Project("{FAE04EC0-301F-11D3-BF4B-00C04F79EFBC}") = "Plugin.Xablu.Adal.Abstractions", "Plugin.Xablu.Adal.Abstractions\Plugin.Xablu.Adal.Abstractions.csproj", "{6BF118FE-8771-4066-85C5-6CF1F838A708}"
EndProject
Project("{FAE04EC0-301F-11D3-BF4B-00C04F79EFBC}") = "Plugin.Xablu.Adal.Android", "C:\Users\christopherlamont\Source\Repos\ADAL\src\Xablu.Adal\Plugin.Xablu.Adal.Android\Plugin.Xablu.Adal.Android.csproj", "{56A56F17-7DE1-4CA1-9617-BF32E971AC84}"
EndProject
Project("{FAE04EC0-301F-11D3-BF4B-00C04F79EFBC}") = "Plugin.Xablu.Adal.iOS", "C:\Users\christopherlamont\Source\Repos\ADAL\src\Xablu.Adal\Plugin.Xablu.Adal.iOS\Plugin.Xablu.Adal.iOS.csproj", "{2882AEEB-D4CD-4EB9-8A6C-6653B33681F0}"
EndProject
Project("{FAE04EC0-301F-11D3-BF4B-00C04F79EFBC}") = "Sample", "Sample\Sample.csproj", "{50B3D8F0-172F-4FDD-9906-774F087D680A}"
EndProject
Project("{FAE04EC0-301F-11D3-BF4B-00C04F79EFBC}") = "Sample.Droid", "C:\Users\christopherlamont\Source\Repos\ADAL\src\Droid\Sample.Droid.csproj", "{93FB0139-CA69-495D-B808-2BBD4F8379E2}"
EndProject
Project("{FAE04EC0-301F-11D3-BF4B-00C04F79EFBC}") = "Sample.iOS", "C:\Users\christopherlamont\Source\Repos\ADAL\src\iOS\Sample.iOS.csproj", "{04535F93-DEAA-42C7-B70E-813A549F739B}"
EndProject
Global
	GlobalSection(SolutionConfigurationPlatforms) = preSolution
		Debug|Any CPU = Debug|Any CPU
		Debug|ARM = Debug|ARM
		Debug|iPhone = Debug|iPhone
		Debug|iPhoneSimulator = Debug|iPhoneSimulator
		Debug|x64 = Debug|x64
		Debug|x86 = Debug|x86
		Release|Any CPU = Release|Any CPU
		Release|ARM = Release|ARM
		Release|iPhone = Release|iPhone
		Release|iPhoneSimulator = Release|iPhoneSimulator
		Release|x64 = Release|x64
		Release|x86 = Release|x86
	EndGlobalSection
	GlobalSection(ProjectConfigurationPlatforms) = postSolution
		{AE9E5F6B-37D4-461C-8D4A-63D68248D750}.Debug|Any CPU.ActiveCfg = Debug|Any CPU
		{AE9E5F6B-37D4-461C-8D4A-63D68248D750}.Debug|Any CPU.Build.0 = Debug|Any CPU
		{AE9E5F6B-37D4-461C-8D4A-63D68248D750}.Debug|ARM.ActiveCfg = Debug|Any CPU
		{AE9E5F6B-37D4-461C-8D4A-63D68248D750}.Debug|ARM.Build.0 = Debug|Any CPU
		{AE9E5F6B-37D4-461C-8D4A-63D68248D750}.Debug|iPhone.ActiveCfg = Debug|Any CPU
		{AE9E5F6B-37D4-461C-8D4A-63D68248D750}.Debug|iPhone.Build.0 = Debug|Any CPU
		{AE9E5F6B-37D4-461C-8D4A-63D68248D750}.Debug|iPhoneSimulator.ActiveCfg = Debug|Any CPU
		{AE9E5F6B-37D4-461C-8D4A-63D68248D750}.Debug|iPhoneSimulator.Build.0 = Debug|Any CPU
		{AE9E5F6B-37D4-461C-8D4A-63D68248D750}.Debug|x64.ActiveCfg = Debug|Any CPU
		{AE9E5F6B-37D4-461C-8D4A-63D68248D750}.Debug|x64.Build.0 = Debug|Any CPU
		{AE9E5F6B-37D4-461C-8D4A-63D68248D750}.Debug|x86.ActiveCfg = Debug|Any CPU
		{AE9E5F6B-37D4-461C-8D4A-63D68248D750}.Debug|x86.Build.0 = Debug|Any CPU
		{AE9E5F6B-37D4-461C-8D4A-63D68248D750}.Release|Any CPU.ActiveCfg = Release|Any CPU
		{AE9E5F6B-37D4-461C-8D4A-63D68248D750}.Release|Any CPU.Build.0 = Release|Any CPU
		{AE9E5F6B-37D4-461C-8D4A-63D68248D750}.Release|ARM.ActiveCfg = Release|Any CPU
		{AE9E5F6B-37D4-461C-8D4A-63D68248D750}.Release|ARM.Build.0 = Release|Any CPU
		{AE9E5F6B-37D4-461C-8D4A-63D68248D750}.Release|iPhone.ActiveCfg = Release|Any CPU
		{AE9E5F6B-37D4-461C-8D4A-63D68248D750}.Release|iPhone.Build.0 = Release|Any CPU
		{AE9E5F6B-37D4-461C-8D4A-63D68248D750}.Release|iPhoneSimulator.ActiveCfg = Release|Any CPU
		{AE9E5F6B-37D4-461C-8D4A-63D68248D750}.Release|iPhoneSimulator.Build.0 = Release|Any CPU
		{AE9E5F6B-37D4-461C-8D4A-63D68248D750}.Release|x64.ActiveCfg = Release|Any CPU
		{AE9E5F6B-37D4-461C-8D4A-63D68248D750}.Release|x64.Build.0 = Release|Any CPU
		{AE9E5F6B-37D4-461C-8D4A-63D68248D750}.Release|x86.ActiveCfg = Release|Any CPU
		{AE9E5F6B-37D4-461C-8D4A-63D68248D750}.Release|x86.Build.0 = Release|Any CPU
		{6BF118FE-8771-4066-85C5-6CF1F838A708}.Debug|Any CPU.ActiveCfg = Debug|Any CPU
		{6BF118FE-8771-4066-85C5-6CF1F838A708}.Debug|Any CPU.Build.0 = Debug|Any CPU
		{6BF118FE-8771-4066-85C5-6CF1F838A708}.Debug|ARM.ActiveCfg = Debug|Any CPU
		{6BF118FE-8771-4066-85C5-6CF1F838A708}.Debug|ARM.Build.0 = Debug|Any CPU
		{6BF118FE-8771-4066-85C5-6CF1F838A708}.Debug|iPhone.ActiveCfg = Debug|Any CPU
		{6BF118FE-8771-4066-85C5-6CF1F838A708}.Debug|iPhone.Build.0 = Debug|Any CPU
		{6BF118FE-8771-4066-85C5-6CF1F838A708}.Debug|iPhoneSimulator.ActiveCfg = Debug|Any CPU
		{6BF118FE-8771-4066-85C5-6CF1F838A708}.Debug|iPhoneSimulator.Build.0 = Debug|Any CPU
		{6BF118FE-8771-4066-85C5-6CF1F838A708}.Debug|x64.ActiveCfg = Debug|Any CPU
		{6BF118FE-8771-4066-85C5-6CF1F838A708}.Debug|x64.Build.0 = Debug|Any CPU
		{6BF118FE-8771-4066-85C5-6CF1F838A708}.Debug|x86.ActiveCfg = Debug|Any CPU
		{6BF118FE-8771-4066-85C5-6CF1F838A708}.Debug|x86.Build.0 = Debug|Any CPU
		{6BF118FE-8771-4066-85C5-6CF1F838A708}.Release|Any CPU.ActiveCfg = Release|Any CPU
		{6BF118FE-8771-4066-85C5-6CF1F838A708}.Release|Any CPU.Build.0 = Release|Any CPU
		{6BF118FE-8771-4066-85C5-6CF1F838A708}.Release|ARM.ActiveCfg = Release|Any CPU
		{6BF118FE-8771-4066-85C5-6CF1F838A708}.Release|ARM.Build.0 = Release|Any CPU
		{6BF118FE-8771-4066-85C5-6CF1F838A708}.Release|iPhone.ActiveCfg = Release|Any CPU
		{6BF118FE-8771-4066-85C5-6CF1F838A708}.Release|iPhone.Build.0 = Release|Any CPU
		{6BF118FE-8771-4066-85C5-6CF1F838A708}.Release|iPhoneSimulator.ActiveCfg = Release|Any CPU
		{6BF118FE-8771-4066-85C5-6CF1F838A708}.Release|iPhoneSimulator.Build.0 = Release|Any CPU
		{6BF118FE-8771-4066-85C5-6CF1F838A708}.Release|x64.ActiveCfg = Release|Any CPU
		{6BF118FE-8771-4066-85C5-6CF1F838A708}.Release|x64.Build.0 = Release|Any CPU
		{6BF118FE-8771-4066-85C5-6CF1F838A708}.Release|x86.ActiveCfg = Release|Any CPU
		{6BF118FE-8771-4066-85C5-6CF1F838A708}.Release|x86.Build.0 = Release|Any CPU
		{56A56F17-7DE1-4CA1-9617-BF32E971AC84}.Debug|Any CPU.ActiveCfg = Debug|Any CPU
		{56A56F17-7DE1-4CA1-9617-BF32E971AC84}.Debug|Any CPU.Build.0 = Debug|Any CPU
		{56A56F17-7DE1-4CA1-9617-BF32E971AC84}.Debug|ARM.ActiveCfg = Debug|Any CPU
		{56A56F17-7DE1-4CA1-9617-BF32E971AC84}.Debug|ARM.Build.0 = Debug|Any CPU
		{56A56F17-7DE1-4CA1-9617-BF32E971AC84}.Debug|iPhone.ActiveCfg = Debug|Any CPU
		{56A56F17-7DE1-4CA1-9617-BF32E971AC84}.Debug|iPhone.Build.0 = Debug|Any CPU
		{56A56F17-7DE1-4CA1-9617-BF32E971AC84}.Debug|iPhoneSimulator.ActiveCfg = Debug|Any CPU
		{56A56F17-7DE1-4CA1-9617-BF32E971AC84}.Debug|iPhoneSimulator.Build.0 = Debug|Any CPU
		{56A56F17-7DE1-4CA1-9617-BF32E971AC84}.Debug|x64.ActiveCfg = Debug|Any CPU
		{56A56F17-7DE1-4CA1-9617-BF32E971AC84}.Debug|x64.Build.0 = Debug|Any CPU
		{56A56F17-7DE1-4CA1-9617-BF32E971AC84}.Debug|x86.ActiveCfg = Debug|Any CPU
		{56A56F17-7DE1-4CA1-9617-BF32E971AC84}.Debug|x86.Build.0 = Debug|Any CPU
		{56A56F17-7DE1-4CA1-9617-BF32E971AC84}.Release|Any CPU.ActiveCfg = Release|Any CPU
		{56A56F17-7DE1-4CA1-9617-BF32E971AC84}.Release|Any CPU.Build.0 = Release|Any CPU
		{56A56F17-7DE1-4CA1-9617-BF32E971AC84}.Release|ARM.ActiveCfg = Release|Any CPU
		{56A56F17-7DE1-4CA1-9617-BF32E971AC84}.Release|ARM.Build.0 = Release|Any CPU
		{56A56F17-7DE1-4CA1-9617-BF32E971AC84}.Release|iPhone.ActiveCfg = Release|Any CPU
		{56A56F17-7DE1-4CA1-9617-BF32E971AC84}.Release|iPhone.Build.0 = Release|Any CPU
		{56A56F17-7DE1-4CA1-9617-BF32E971AC84}.Release|iPhoneSimulator.ActiveCfg = Release|Any CPU
		{56A56F17-7DE1-4CA1-9617-BF32E971AC84}.Release|iPhoneSimulator.Build.0 = Release|Any CPU
		{56A56F17-7DE1-4CA1-9617-BF32E971AC84}.Release|x64.ActiveCfg = Release|Any CPU
		{56A56F17-7DE1-4CA1-9617-BF32E971AC84}.Release|x64.Build.0 = Release|Any CPU
		{56A56F17-7DE1-4CA1-9617-BF32E971AC84}.Release|x86.ActiveCfg = Release|Any CPU
		{56A56F17-7DE1-4CA1-9617-BF32E971AC84}.Release|x86.Build.0 = Release|Any CPU
		{2882AEEB-D4CD-4EB9-8A6C-6653B33681F0}.Debug|Any CPU.ActiveCfg = Debug|Any CPU
		{2882AEEB-D4CD-4EB9-8A6C-6653B33681F0}.Debug|Any CPU.Build.0 = Debug|Any CPU
		{2882AEEB-D4CD-4EB9-8A6C-6653B33681F0}.Debug|ARM.ActiveCfg = Debug|Any CPU
		{2882AEEB-D4CD-4EB9-8A6C-6653B33681F0}.Debug|ARM.Build.0 = Debug|Any CPU
		{2882AEEB-D4CD-4EB9-8A6C-6653B33681F0}.Debug|iPhone.ActiveCfg = Debug|Any CPU
		{2882AEEB-D4CD-4EB9-8A6C-6653B33681F0}.Debug|iPhone.Build.0 = Debug|Any CPU
		{2882AEEB-D4CD-4EB9-8A6C-6653B33681F0}.Debug|iPhoneSimulator.ActiveCfg = Debug|Any CPU
		{2882AEEB-D4CD-4EB9-8A6C-6653B33681F0}.Debug|iPhoneSimulator.Build.0 = Debug|Any CPU
		{2882AEEB-D4CD-4EB9-8A6C-6653B33681F0}.Debug|x64.ActiveCfg = Debug|Any CPU
		{2882AEEB-D4CD-4EB9-8A6C-6653B33681F0}.Debug|x64.Build.0 = Debug|Any CPU
		{2882AEEB-D4CD-4EB9-8A6C-6653B33681F0}.Debug|x86.ActiveCfg = Debug|Any CPU
		{2882AEEB-D4CD-4EB9-8A6C-6653B33681F0}.Debug|x86.Build.0 = Debug|Any CPU
		{2882AEEB-D4CD-4EB9-8A6C-6653B33681F0}.Release|Any CPU.ActiveCfg = Release|Any CPU
		{2882AEEB-D4CD-4EB9-8A6C-6653B33681F0}.Release|Any CPU.Build.0 = Release|Any CPU
		{2882AEEB-D4CD-4EB9-8A6C-6653B33681F0}.Release|ARM.ActiveCfg = Release|Any CPU
		{2882AEEB-D4CD-4EB9-8A6C-6653B33681F0}.Release|ARM.Build.0 = Release|Any CPU
		{2882AEEB-D4CD-4EB9-8A6C-6653B33681F0}.Release|iPhone.ActiveCfg = Release|Any CPU
		{2882AEEB-D4CD-4EB9-8A6C-6653B33681F0}.Release|iPhone.Build.0 = Release|Any CPU
		{2882AEEB-D4CD-4EB9-8A6C-6653B33681F0}.Release|iPhoneSimulator.ActiveCfg = Release|Any CPU
		{2882AEEB-D4CD-4EB9-8A6C-6653B33681F0}.Release|iPhoneSimulator.Build.0 = Release|Any CPU
		{2882AEEB-D4CD-4EB9-8A6C-6653B33681F0}.Release|x64.ActiveCfg = Release|Any CPU
		{2882AEEB-D4CD-4EB9-8A6C-6653B33681F0}.Release|x64.Build.0 = Release|Any CPU
		{2882AEEB-D4CD-4EB9-8A6C-6653B33681F0}.Release|x86.ActiveCfg = Release|Any CPU
		{2882AEEB-D4CD-4EB9-8A6C-6653B33681F0}.Release|x86.Build.0 = Release|Any CPU
		{50B3D8F0-172F-4FDD-9906-774F087D680A}.Debug|Any CPU.ActiveCfg = Debug|Any CPU
		{50B3D8F0-172F-4FDD-9906-774F087D680A}.Debug|Any CPU.Build.0 = Debug|Any CPU
		{50B3D8F0-172F-4FDD-9906-774F087D680A}.Debug|ARM.ActiveCfg = Debug|Any CPU
		{50B3D8F0-172F-4FDD-9906-774F087D680A}.Debug|ARM.Build.0 = Debug|Any CPU
		{50B3D8F0-172F-4FDD-9906-774F087D680A}.Debug|iPhone.ActiveCfg = Debug|Any CPU
		{50B3D8F0-172F-4FDD-9906-774F087D680A}.Debug|iPhone.Build.0 = Debug|Any CPU
		{50B3D8F0-172F-4FDD-9906-774F087D680A}.Debug|iPhoneSimulator.ActiveCfg = Debug|Any CPU
		{50B3D8F0-172F-4FDD-9906-774F087D680A}.Debug|iPhoneSimulator.Build.0 = Debug|Any CPU
		{50B3D8F0-172F-4FDD-9906-774F087D680A}.Debug|x64.ActiveCfg = Debug|Any CPU
		{50B3D8F0-172F-4FDD-9906-774F087D680A}.Debug|x64.Build.0 = Debug|Any CPU
		{50B3D8F0-172F-4FDD-9906-774F087D680A}.Debug|x86.ActiveCfg = Debug|Any CPU
		{50B3D8F0-172F-4FDD-9906-774F087D680A}.Debug|x86.Build.0 = Debug|Any CPU
		{50B3D8F0-172F-4FDD-9906-774F087D680A}.Release|Any CPU.ActiveCfg = Release|Any CPU
		{50B3D8F0-172F-4FDD-9906-774F087D680A}.Release|Any CPU.Build.0 = Release|Any CPU
		{50B3D8F0-172F-4FDD-9906-774F087D680A}.Release|ARM.ActiveCfg = Release|Any CPU
		{50B3D8F0-172F-4FDD-9906-774F087D680A}.Release|ARM.Build.0 = Release|Any CPU
		{50B3D8F0-172F-4FDD-9906-774F087D680A}.Release|iPhone.ActiveCfg = Release|Any CPU
		{50B3D8F0-172F-4FDD-9906-774F087D680A}.Release|iPhone.Build.0 = Release|Any CPU
		{50B3D8F0-172F-4FDD-9906-774F087D680A}.Release|iPhoneSimulator.ActiveCfg = Release|Any CPU
		{50B3D8F0-172F-4FDD-9906-774F087D680A}.Release|iPhoneSimulator.Build.0 = Release|Any CPU
		{50B3D8F0-172F-4FDD-9906-774F087D680A}.Release|x64.ActiveCfg = Release|Any CPU
		{50B3D8F0-172F-4FDD-9906-774F087D680A}.Release|x64.Build.0 = Release|Any CPU
		{50B3D8F0-172F-4FDD-9906-774F087D680A}.Release|x86.ActiveCfg = Release|Any CPU
		{50B3D8F0-172F-4FDD-9906-774F087D680A}.Release|x86.Build.0 = Release|Any CPU
		{93FB0139-CA69-495D-B808-2BBD4F8379E2}.Debug|Any CPU.ActiveCfg = Debug|Any CPU
		{93FB0139-CA69-495D-B808-2BBD4F8379E2}.Debug|Any CPU.Build.0 = Debug|Any CPU
		{93FB0139-CA69-495D-B808-2BBD4F8379E2}.Debug|Any CPU.Deploy.0 = Debug|Any CPU
		{93FB0139-CA69-495D-B808-2BBD4F8379E2}.Debug|ARM.ActiveCfg = Debug|Any CPU
		{93FB0139-CA69-495D-B808-2BBD4F8379E2}.Debug|ARM.Build.0 = Debug|Any CPU
		{93FB0139-CA69-495D-B808-2BBD4F8379E2}.Debug|ARM.Deploy.0 = Debug|Any CPU
		{93FB0139-CA69-495D-B808-2BBD4F8379E2}.Debug|iPhone.ActiveCfg = Debug|Any CPU
		{93FB0139-CA69-495D-B808-2BBD4F8379E2}.Debug|iPhone.Build.0 = Debug|Any CPU
		{93FB0139-CA69-495D-B808-2BBD4F8379E2}.Debug|iPhone.Deploy.0 = Debug|Any CPU
		{93FB0139-CA69-495D-B808-2BBD4F8379E2}.Debug|iPhoneSimulator.ActiveCfg = Debug|Any CPU
		{93FB0139-CA69-495D-B808-2BBD4F8379E2}.Debug|iPhoneSimulator.Build.0 = Debug|Any CPU
		{93FB0139-CA69-495D-B808-2BBD4F8379E2}.Debug|iPhoneSimulator.Deploy.0 = Debug|Any CPU
		{93FB0139-CA69-495D-B808-2BBD4F8379E2}.Debug|x64.ActiveCfg = Debug|Any CPU
		{93FB0139-CA69-495D-B808-2BBD4F8379E2}.Debug|x64.Build.0 = Debug|Any CPU
		{93FB0139-CA69-495D-B808-2BBD4F8379E2}.Debug|x64.Deploy.0 = Debug|Any CPU
		{93FB0139-CA69-495D-B808-2BBD4F8379E2}.Debug|x86.ActiveCfg = Debug|Any CPU
		{93FB0139-CA69-495D-B808-2BBD4F8379E2}.Debug|x86.Build.0 = Debug|Any CPU
		{93FB0139-CA69-495D-B808-2BBD4F8379E2}.Debug|x86.Deploy.0 = Debug|Any CPU
		{93FB0139-CA69-495D-B808-2BBD4F8379E2}.Release|Any CPU.ActiveCfg = Release|Any CPU
		{93FB0139-CA69-495D-B808-2BBD4F8379E2}.Release|Any CPU.Build.0 = Release|Any CPU
		{93FB0139-CA69-495D-B808-2BBD4F8379E2}.Release|Any CPU.Deploy.0 = Release|Any CPU
		{93FB0139-CA69-495D-B808-2BBD4F8379E2}.Release|ARM.ActiveCfg = Release|Any CPU
		{93FB0139-CA69-495D-B808-2BBD4F8379E2}.Release|ARM.Build.0 = Release|Any CPU
		{93FB0139-CA69-495D-B808-2BBD4F8379E2}.Release|ARM.Deploy.0 = Release|Any CPU
		{93FB0139-CA69-495D-B808-2BBD4F8379E2}.Release|iPhone.ActiveCfg = Release|Any CPU
		{93FB0139-CA69-495D-B808-2BBD4F8379E2}.Release|iPhone.Build.0 = Release|Any CPU
		{93FB0139-CA69-495D-B808-2BBD4F8379E2}.Release|iPhone.Deploy.0 = Release|Any CPU
		{93FB0139-CA69-495D-B808-2BBD4F8379E2}.Release|iPhoneSimulator.ActiveCfg = Release|Any CPU
		{93FB0139-CA69-495D-B808-2BBD4F8379E2}.Release|iPhoneSimulator.Build.0 = Release|Any CPU
		{93FB0139-CA69-495D-B808-2BBD4F8379E2}.Release|iPhoneSimulator.Deploy.0 = Release|Any CPU
		{93FB0139-CA69-495D-B808-2BBD4F8379E2}.Release|x64.ActiveCfg = Release|Any CPU
		{93FB0139-CA69-495D-B808-2BBD4F8379E2}.Release|x64.Build.0 = Release|Any CPU
		{93FB0139-CA69-495D-B808-2BBD4F8379E2}.Release|x64.Deploy.0 = Release|Any CPU
		{93FB0139-CA69-495D-B808-2BBD4F8379E2}.Release|x86.ActiveCfg = Release|Any CPU
		{93FB0139-CA69-495D-B808-2BBD4F8379E2}.Release|x86.Build.0 = Release|Any CPU
		{93FB0139-CA69-495D-B808-2BBD4F8379E2}.Release|x86.Deploy.0 = Release|Any CPU
		{04535F93-DEAA-42C7-B70E-813A549F739B}.Debug|Any CPU.ActiveCfg = Debug|iPhone
		{04535F93-DEAA-42C7-B70E-813A549F739B}.Debug|ARM.ActiveCfg = Debug|iPhone
		{04535F93-DEAA-42C7-B70E-813A549F739B}.Debug|iPhone.ActiveCfg = Debug|iPhone
		{04535F93-DEAA-42C7-B70E-813A549F739B}.Debug|iPhone.Build.0 = Debug|iPhone
		{04535F93-DEAA-42C7-B70E-813A549F739B}.Debug|iPhoneSimulator.ActiveCfg = Debug|iPhoneSimulator
		{04535F93-DEAA-42C7-B70E-813A549F739B}.Debug|iPhoneSimulator.Build.0 = Debug|iPhoneSimulator
		{04535F93-DEAA-42C7-B70E-813A549F739B}.Debug|x64.ActiveCfg = Debug|iPhone
		{04535F93-DEAA-42C7-B70E-813A549F739B}.Debug|x86.ActiveCfg = Debug|iPhone
		{04535F93-DEAA-42C7-B70E-813A549F739B}.Release|Any CPU.ActiveCfg = Release|iPhone
		{04535F93-DEAA-42C7-B70E-813A549F739B}.Release|ARM.ActiveCfg = Release|iPhone
		{04535F93-DEAA-42C7-B70E-813A549F739B}.Release|iPhone.ActiveCfg = Release|iPhone
		{04535F93-DEAA-42C7-B70E-813A549F739B}.Release|iPhone.Build.0 = Release|iPhone
		{04535F93-DEAA-42C7-B70E-813A549F739B}.Release|iPhoneSimulator.ActiveCfg = Release|iPhoneSimulator
		{04535F93-DEAA-42C7-B70E-813A549F739B}.Release|iPhoneSimulator.Build.0 = Release|iPhoneSimulator
		{04535F93-DEAA-42C7-B70E-813A549F739B}.Release|x64.ActiveCfg = Release|iPhone
		{04535F93-DEAA-42C7-B70E-813A549F739B}.Release|x86.ActiveCfg = Release|iPhone
	EndGlobalSection
	GlobalSection(SolutionProperties) = preSolution
		HideSolutionNode = FALSE
	EndGlobalSection
	GlobalSection(ExtensibilityGlobals) = postSolution
		SolutionGuid = {CCE335CB-2CFC-44B5-958F-39E4A5CC9A1C}
	EndGlobalSection
EndGlobal
